contourpy==1.4.0
cycler==0.12.1
exchange_calendars==4.11.1
fonttools==4.65.0
iniconfig==2.3.0
kiwisolver==1.5.1
korean_lunar_calendar==0.4.0
matplotlib==3.10.3
numpy==2.2.6
packaging==26.3
pandas==2.2.3
pillow==12.3.0
pluggy==1.6.0
pyluach==2.3.0
pyparsing==3.3.3
pytest==8.3.5
pytest-socket==0.7.0
python-dateutil==2.9.0.post0
pytz==2026.3.post1
scipy==1.15.3
six==1.17.0
toolz==1.1.0
tzdata==2026.4
